// !$*UTF8*$!
{
	archiveVersion = 1;
	classes = {
	};
	objectVersion = 46;
	objects = {

/* Begin PBXBuildFile section */
		8F38897B1CEBA1800098E133 /* Utils.swift in Sources */ = {isa = PBXBuildFile; fileRef = 8F38897A1CEBA1800098E133 /* Utils.swift */; };
		8F8458161C7720F100946AE1 /* ErrorController.swift in Sources */ = {isa = PBXBuildFile; fileRef = 8F8458151C7720F100946AE1 /* ErrorController.swift */; };
		8F9D6B271C7463F70024E75F /* AppDelegate.swift in Sources */ = {isa = PBXBuildFile; fileRef = 8F9D6B261C7463F70024E75F /* AppDelegate.swift */; };
		8F9D6B291C7463F70024E75F /* ViewController.swift in Sources */ = {isa = PBXBuildFile; fileRef = 8F9D6B281C7463F70024E75F /* ViewController.swift */; };
		8F9D6B2F1C7463F70024E75F /* Centralize_iOS.xcdatamodeld in Sources */ = {isa = PBXBuildFile; fileRef = 8F9D6B2D1C7463F70024E75F /* Centralize_iOS.xcdatamodeld */; };
		8F9D6B311C7463F70024E75F /* Assets.xcassets in Resources */ = {isa = PBXBuildFile; fileRef = 8F9D6B301C7463F70024E75F /* Assets.xcassets */; };
		8F9D6B341C7463F70024E75F /* LaunchScreen.storyboard in Resources */ = {isa = PBXBuildFile; fileRef = 8F9D6B321C7463F70024E75F /* LaunchScreen.storyboard */; };
		8F9D6B3F1C7463F70024E75F /* Centralize_iOSTests.swift in Sources */ = {isa = PBXBuildFile; fileRef = 8F9D6B3E1C7463F70024E75F /* Centralize_iOSTests.swift */; };
		8F9D6B4A1C7463F70024E75F /* Centralize_iOSUITests.swift in Sources */ = {isa = PBXBuildFile; fileRef = 8F9D6B491C7463F70024E75F /* Centralize_iOSUITests.swift */; };
		8FC2C55C1CB67830007C8211 /* MenuController.swift in Sources */ = {isa = PBXBuildFile; fileRef = 8FC2C55B1CB67830007C8211 /* MenuController.swift */; };
		8FC2C55E1CB7D197007C8211 /* EditProfileController.swift in Sources */ = {isa = PBXBuildFile; fileRef = 8FC2C55D1CB7D197007C8211 /* EditProfileController.swift */; };
		8FC2C5601CBCE486007C8211 /* DashboardController.swift in Sources */ = {isa = PBXBuildFile; fileRef = 8FC2C55F1CBCE486007C8211 /* DashboardController.swift */; };
		8FC2C5621CBEA3A6007C8211 /* ServiceController.swift in Sources */ = {isa = PBXBuildFile; fileRef = 8FC2C5611CBEA3A6007C8211 /* ServiceController.swift */; };
		8FC2C5641CC0FEC9007C8211 /* GmailThreadsController.swift in Sources */ = {isa = PBXBuildFile; fileRef = 8FC2C5631CC0FEC8007C8211 /* GmailThreadsController.swift */; };
		8FC2C56E1CC11783007C8211 /* GmailThreadMessagesController.swift in Sources */ = {isa = PBXBuildFile; fileRef = 8FC2C56D1CC11783007C8211 /* GmailThreadMessagesController.swift */; };
		8FC2C5701CC122A1007C8211 /* GmailMessageController.swift in Sources */ = {isa = PBXBuildFile; fileRef = 8FC2C56F1CC122A1007C8211 /* GmailMessageController.swift */; };
		8FE1DFAB1CA4013A00475FF1 /* LoginController.swift in Sources */ = {isa = PBXBuildFile; fileRef = 8FE1DFAA1CA4013A00475FF1 /* LoginController.swift */; };
		8FE1DFAD1CA435DD00475FF1 /* HomeController.swift in Sources */ = {isa = PBXBuildFile; fileRef = 8FE1DFAC1CA435DD00475FF1 /* HomeController.swift */; };
		8FE1DFB21CA52ADD00475FF1 /* SWRevealViewController.m in Sources */ = {isa = PBXBuildFile; fileRef = 8FE1DFB11CA52ADD00475FF1 /* SWRevealViewController.m */; };
		8FE1DFB41CA5323300475FF1 /* OutViewController.swift in Sources */ = {isa = PBXBuildFile; fileRef = 8FE1DFB31CA5323300475FF1 /* OutViewController.swift */; };
		8FE1DFD61CA6585E00475FF1 /* DBAlertController.swift in Sources */ = {isa = PBXBuildFile; fileRef = 8FE1DFD51CA6585E00475FF1 /* DBAlertController.swift */; };
		8FE1DFDC1CA6664200475FF1 /* SignoutController.swift in Sources */ = {isa = PBXBuildFile; fileRef = 8FE1DFDB1CA6664200475FF1 /* SignoutController.swift */; };
		8FE1DFDE1CA68CF600475FF1 /* LanguagesController.swift in Sources */ = {isa = PBXBuildFile; fileRef = 8FE1DFDD1CA68CF600475FF1 /* LanguagesController.swift */; };
		8FE1DFE41CA696FC00475FF1 /* ProfileController.swift in Sources */ = {isa = PBXBuildFile; fileRef = 8FE1DFE31CA696FC00475FF1 /* ProfileController.swift */; };
		8FE1DFF01CB3C59D00475FF1 /* ViewProfileController.swift in Sources */ = {isa = PBXBuildFile; fileRef = 8FE1DFEF1CB3C59D00475FF1 /* ViewProfileController.swift */; };
		8FE1DFF21CB4CD9F00475FF1 /* OAuthCtrl.swift in Sources */ = {isa = PBXBuildFile; fileRef = 8FE1DFF11CB4CD9F00475FF1 /* OAuthCtrl.swift */; };
		8FE1E0011CB5123700475FF1 /* I18n.swift in Sources */ = {isa = PBXBuildFile; fileRef = 8FE1E0001CB5123700475FF1 /* I18n.swift */; };
		D102831C1D3CCF1D006DA5E7 /* Main.storyboard in Resources */ = {isa = PBXBuildFile; fileRef = D102831A1D3CCF1D006DA5E7 /* Main.storyboard */; };
		D103C3291D6E12F900CBA181 /* DriveShareFileController.swift in Sources */ = {isa = PBXBuildFile; fileRef = D103C3281D6E12F900CBA181 /* DriveShareFileController.swift */; };
		D103C36C1D7DAF7100CBA181 /* Icon-App-29x29@1x.png in Resources */ = {isa = PBXBuildFile; fileRef = D103C35F1D7DAF7100CBA181 /* Icon-App-29x29@1x.png */; };
		D103C36D1D7DAF7100CBA181 /* Icon-App-29x29@2x.png in Resources */ = {isa = PBXBuildFile; fileRef = D103C3601D7DAF7100CBA181 /* Icon-App-29x29@2x.png */; };
		D103C36E1D7DAF7100CBA181 /* Icon-App-29x29@3x.png in Resources */ = {isa = PBXBuildFile; fileRef = D103C3611D7DAF7100CBA181 /* Icon-App-29x29@3x.png */; };
		D103C36F1D7DAF7100CBA181 /* Icon-App-40x40@1x.png in Resources */ = {isa = PBXBuildFile; fileRef = D103C3621D7DAF7100CBA181 /* Icon-App-40x40@1x.png */; };
		D103C3701D7DAF7100CBA181 /* Icon-App-40x40@2x.png in Resources */ = {isa = PBXBuildFile; fileRef = D103C3631D7DAF7100CBA181 /* Icon-App-40x40@2x.png */; };
		D103C3711D7DAF7100CBA181 /* Icon-App-40x40@3x.png in Resources */ = {isa = PBXBuildFile; fileRef = D103C3641D7DAF7100CBA181 /* Icon-App-40x40@3x.png */; };
		D103C3721D7DAF7100CBA181 /* Icon-App-60x60@1x.png in Resources */ = {isa = PBXBuildFile; fileRef = D103C3651D7DAF7100CBA181 /* Icon-App-60x60@1x.png */; };
		D103C3731D7DAF7100CBA181 /* Icon-App-60x60@2x.png in Resources */ = {isa = PBXBuildFile; fileRef = D103C3661D7DAF7100CBA181 /* Icon-App-60x60@2x.png */; };
		D103C3741D7DAF7100CBA181 /* Icon-App-60x60@3x.png in Resources */ = {isa = PBXBuildFile; fileRef = D103C3671D7DAF7100CBA181 /* Icon-App-60x60@3x.png */; };
		D103C3751D7DAF7100CBA181 /* Icon-App-76x76@1x.png in Resources */ = {isa = PBXBuildFile; fileRef = D103C3681D7DAF7100CBA181 /* Icon-App-76x76@1x.png */; };
		D103C3761D7DAF7100CBA181 /* Icon-App-76x76@2x.png in Resources */ = {isa = PBXBuildFile; fileRef = D103C3691D7DAF7100CBA181 /* Icon-App-76x76@2x.png */; };
		D103C3771D7DAF7100CBA181 /* Icon-App-76x76@3x.png in Resources */ = {isa = PBXBuildFile; fileRef = D103C36A1D7DAF7100CBA181 /* Icon-App-76x76@3x.png */; };
		D103C3781D7DAF7100CBA181 /* Icon-App-83.5x83.5@2x.png in Resources */ = {isa = PBXBuildFile; fileRef = D103C36B1D7DAF7100CBA181 /* Icon-App-83.5x83.5@2x.png */; };
		D103C4571D7ED8BD00CBA181 /* iOS 9 in Resources */ = {isa = PBXBuildFile; fileRef = D103C4561D7ED8BD00CBA181 /* iOS 9 */; };
		D13671951D26BEC80032EDBD /* GmailSearchController.swift in Sources */ = {isa = PBXBuildFile; fileRef = D13671941D26BEC80032EDBD /* GmailSearchController.swift */; };
		D13671971D282FDC0032EDBD /* GmailReplyController.swift in Sources */ = {isa = PBXBuildFile; fileRef = D13671961D282FDC0032EDBD /* GmailReplyController.swift */; };
		D13924081D5CC70E00682FDF /* CalendarReminderListController.swift in Sources */ = {isa = PBXBuildFile; fileRef = D13924071D5CC70E00682FDF /* CalendarReminderListController.swift */; };
		D139240B1D61EE2B00682FDF /* DriveController.swift in Sources */ = {isa = PBXBuildFile; fileRef = D139240A1D61EE2B00682FDF /* DriveController.swift */; };
		D139240F1D6228BC00682FDF /* FileListCell.swift in Sources */ = {isa = PBXBuildFile; fileRef = D139240E1D6228BC00682FDF /* FileListCell.swift */; };
		D13924111D6268CB00682FDF /* DriveFileController.swift in Sources */ = {isa = PBXBuildFile; fileRef = D13924101D6268CB00682FDF /* DriveFileController.swift */; };
		D13924221D64A0FC00682FDF /* comment-enabled-64.png in Resources */ = {isa = PBXBuildFile; fileRef = D13924211D64A0FC00682FDF /* comment-enabled-64.png */; };
		D13924241D64A12700682FDF /* warning.png in Resources */ = {isa = PBXBuildFile; fileRef = D13924231D64A12700682FDF /* warning.png */; };
		D13924441D64A17500682FDF /* Centralize.png in Resources */ = {isa = PBXBuildFile; fileRef = D13924431D64A17500682FDF /* Centralize.png */; };
		D13924511D64A18600682FDF /* loader-1.png in Resources */ = {isa = PBXBuildFile; fileRef = D13924451D64A18600682FDF /* loader-1.png */; };
		D13924521D64A18600682FDF /* loader-2.png in Resources */ = {isa = PBXBuildFile; fileRef = D13924461D64A18600682FDF /* loader-2.png */; };
		D13924531D64A18600682FDF /* loader-3.png in Resources */ = {isa = PBXBuildFile; fileRef = D13924471D64A18600682FDF /* loader-3.png */; };
		D13924541D64A18600682FDF /* loader-4.png in Resources */ = {isa = PBXBuildFile; fileRef = D13924481D64A18600682FDF /* loader-4.png */; };
		D13924551D64A18600682FDF /* loader-5.png in Resources */ = {isa = PBXBuildFile; fileRef = D13924491D64A18600682FDF /* loader-5.png */; };
		D13924561D64A18600682FDF /* loader-6.png in Resources */ = {isa = PBXBuildFile; fileRef = D139244A1D64A18600682FDF /* loader-6.png */; };
		D13924571D64A18600682FDF /* loader-7.png in Resources */ = {isa = PBXBuildFile; fileRef = D139244B1D64A18600682FDF /* loader-7.png */; };
		D13924581D64A18600682FDF /* loader-8.png in Resources */ = {isa = PBXBuildFile; fileRef = D139244C1D64A18600682FDF /* loader-8.png */; };
		D13924591D64A18600682FDF /* loader-9.png in Resources */ = {isa = PBXBuildFile; fileRef = D139244D1D64A18600682FDF /* loader-9.png */; };
		D139245A1D64A18600682FDF /* loader-10.png in Resources */ = {isa = PBXBuildFile; fileRef = D139244E1D64A18600682FDF /* loader-10.png */; };
		D139245B1D64A18600682FDF /* loader-11.png in Resources */ = {isa = PBXBuildFile; fileRef = D139244F1D64A18600682FDF /* loader-11.png */; };
		D139245C1D64A18600682FDF /* loader-12.png in Resources */ = {isa = PBXBuildFile; fileRef = D13924501D64A18600682FDF /* loader-12.png */; };
		D13924661D64A89900682FDF /* comment-disabled-64.png in Resources */ = {isa = PBXBuildFile; fileRef = D139245D1D64A89900682FDF /* comment-disabled-64.png */; };
		D13924671D64A89900682FDF /* write-enabled-64.png in Resources */ = {isa = PBXBuildFile; fileRef = D139245E1D64A89900682FDF /* write-enabled-64.png */; };
		D13924681D64A89900682FDF /* copy-disabled-64.png in Resources */ = {isa = PBXBuildFile; fileRef = D139245F1D64A89900682FDF /* copy-disabled-64.png */; };
		D13924691D64A89900682FDF /* share-disabled-64.png in Resources */ = {isa = PBXBuildFile; fileRef = D13924601D64A89900682FDF /* share-disabled-64.png */; };
		D139246A1D64A89900682FDF /* share-enabled-64.png in Resources */ = {isa = PBXBuildFile; fileRef = D13924611D64A89900682FDF /* share-enabled-64.png */; };
		D139246B1D64A89900682FDF /* read-enabled-64.png in Resources */ = {isa = PBXBuildFile; fileRef = D13924621D64A89900682FDF /* read-enabled-64.png */; };
		D139246C1D64A89900682FDF /* copy-enabled-64.png in Resources */ = {isa = PBXBuildFile; fileRef = D13924631D64A89900682FDF /* copy-enabled-64.png */; };
		D139246D1D64A89900682FDF /* write-disabled-64.png in Resources */ = {isa = PBXBuildFile; fileRef = D13924641D64A89900682FDF /* write-disabled-64.png */; };
		D139246E1D64A89900682FDF /* read-disabled-64.png in Resources */ = {isa = PBXBuildFile; fileRef = D13924651D64A89900682FDF /* read-disabled-64.png */; };
		D189E30E1D2EFB74005A06FA /* CalendarEventUpdateController.swift in Sources */ = {isa = PBXBuildFile; fileRef = D189E30D1D2EFB74005A06FA /* CalendarEventUpdateController.swift */; };
		D189E3101D2FC80C005A06FA /* CalendarEventCreateController.swift in Sources */ = {isa = PBXBuildFile; fileRef = D189E30F1D2FC80C005A06FA /* CalendarEventCreateController.swift */; };
		D189E3121D3007A4005A06FA /* CalendarEventSearchController.swift in Sources */ = {isa = PBXBuildFile; fileRef = D189E3111D3007A4005A06FA /* CalendarEventSearchController.swift */; };
		D1CA0B541D410B1400BE194B /* FAQController.swift in Sources */ = {isa = PBXBuildFile; fileRef = D1CA0B531D410B1400BE194B /* FAQController.swift */; };
		D1CA0B561D411C9B00BE194B /* CustomFAQCell.swift in Sources */ = {isa = PBXBuildFile; fileRef = D1CA0B551D411C9B00BE194B /* CustomFAQCell.swift */; };
		D1CD4CAA1D2AE74900F60ED4 /* CalendarController.swift in Sources */ = {isa = PBXBuildFile; fileRef = D1CD4CA91D2AE74900F60ED4 /* CalendarController.swift */; };
		D1CD4CAC1D2AEBD500F60ED4 /* CalendarEventListController.swift in Sources */ = {isa = PBXBuildFile; fileRef = D1CD4CAB1D2AEBD500F60ED4 /* CalendarEventListController.swift */; };
		D1CD4CAE1D2AECC800F60ED4 /* CalendarEventDetailsController.swift in Sources */ = {isa = PBXBuildFile; fileRef = D1CD4CAD1D2AECC800F60ED4 /* CalendarEventDetailsController.swift */; };
		D1E9534E1D8DB48000AB7690 /* TwitterController.swift in Sources */ = {isa = PBXBuildFile; fileRef = D1E9534D1D8DB48000AB7690 /* TwitterController.swift */; };
		D1E953501D8DF01800AB7690 /* TweetListCell.swift in Sources */ = {isa = PBXBuildFile; fileRef = D1E9534F1D8DF01800AB7690 /* TweetListCell.swift */; };
		D1E953521D902A2600AB7690 /* TwitterNewTweetController.swift in Sources */ = {isa = PBXBuildFile; fileRef = D1E953511D902A2600AB7690 /* TwitterNewTweetController.swift */; };
		D1ED7B401D2D985900FFAB95 /* EventListCell.swift in Sources */ = {isa = PBXBuildFile; fileRef = D1ED7B3F1D2D985900FFAB95 /* EventListCell.swift */; };
/* End PBXBuildFile section */

/* Begin PBXContainerItemProxy section */
		8F9D6B3B1C7463F70024E75F /* PBXContainerItemProxy */ = {
			isa = PBXContainerItemProxy;
			containerPortal = 8F9D6B1B1C7463F70024E75F /* Project object */;
			proxyType = 1;
			remoteGlobalIDString = 8F9D6B221C7463F70024E75F;
			remoteInfo = "Centralize iOS";
		};
		8F9D6B461C7463F70024E75F /* PBXContainerItemProxy */ = {
			isa = PBXContainerItemProxy;
			containerPortal = 8F9D6B1B1C7463F70024E75F /* Project object */;
			proxyType = 1;
			remoteGlobalIDString = 8F9D6B221C7463F70024E75F;
			remoteInfo = "Centralize iOS";
		};
/* End PBXContainerItemProxy section */

/* Begin PBXFileReference section */
		8F38897A1CEBA1800098E133 /* Utils.swift */ = {isa = PBXFileReference; fileEncoding = 4; lastKnownFileType = sourcecode.swift; path = Utils.swift; sourceTree = "<group>"; };
		8F8458151C7720F100946AE1 /* ErrorController.swift */ = {isa = PBXFileReference; fileEncoding = 4; lastKnownFileType = sourcecode.swift; path = ErrorController.swift; sourceTree = "<group>"; };
		8F9D6B231C7463F70024E75F /* Centralize iOS.app */ = {isa = PBXFileReference; explicitFileType = wrapper.application; includeInIndex = 0; path = "Centralize iOS.app"; sourceTree = BUILT_PRODUCTS_DIR; };
		8F9D6B261C7463F70024E75F /* AppDelegate.swift */ = {isa = PBXFileReference; lastKnownFileType = sourcecode.swift; path = AppDelegate.swift; sourceTree = "<group>"; };
		8F9D6B281C7463F70024E75F /* ViewController.swift */ = {isa = PBXFileReference; lastKnownFileType = sourcecode.swift; path = ViewController.swift; sourceTree = "<group>"; };
		8F9D6B2E1C7463F70024E75F /* Centralize_iOS.xcdatamodel */ = {isa = PBXFileReference; lastKnownFileType = wrapper.xcdatamodel; path = Centralize_iOS.xcdatamodel; sourceTree = "<group>"; };
		8F9D6B301C7463F70024E75F /* Assets.xcassets */ = {isa = PBXFileReference; lastKnownFileType = folder.assetcatalog; path = Assets.xcassets; sourceTree = "<group>"; };
		8F9D6B331C7463F70024E75F /* Base */ = {isa = PBXFileReference; lastKnownFileType = file.storyboard; name = Base; path = Base.lproj/LaunchScreen.storyboard; sourceTree = "<group>"; };
		8F9D6B351C7463F70024E75F /* Info.plist */ = {isa = PBXFileReference; lastKnownFileType = text.plist.xml; path = Info.plist; sourceTree = "<group>"; };
		8F9D6B3A1C7463F70024E75F /* Centralize iOSTests.xctest */ = {isa = PBXFileReference; explicitFileType = wrapper.cfbundle; includeInIndex = 0; path = "Centralize iOSTests.xctest"; sourceTree = BUILT_PRODUCTS_DIR; };
		8F9D6B3E1C7463F70024E75F /* Centralize_iOSTests.swift */ = {isa = PBXFileReference; lastKnownFileType = sourcecode.swift; path = Centralize_iOSTests.swift; sourceTree = "<group>"; };
		8F9D6B401C7463F70024E75F /* Info.plist */ = {isa = PBXFileReference; lastKnownFileType = text.plist.xml; path = Info.plist; sourceTree = "<group>"; };
		8F9D6B451C7463F70024E75F /* Centralize iOSUITests.xctest */ = {isa = PBXFileReference; explicitFileType = wrapper.cfbundle; includeInIndex = 0; path = "Centralize iOSUITests.xctest"; sourceTree = BUILT_PRODUCTS_DIR; };
		8F9D6B491C7463F70024E75F /* Centralize_iOSUITests.swift */ = {isa = PBXFileReference; lastKnownFileType = sourcecode.swift; path = Centralize_iOSUITests.swift; sourceTree = "<group>"; };
		8F9D6B4B1C7463F70024E75F /* Info.plist */ = {isa = PBXFileReference; lastKnownFileType = text.plist.xml; path = Info.plist; sourceTree = "<group>"; };
		8FC2C55B1CB67830007C8211 /* MenuController.swift */ = {isa = PBXFileReference; fileEncoding = 4; lastKnownFileType = sourcecode.swift; path = MenuController.swift; sourceTree = "<group>"; };
		8FC2C55D1CB7D197007C8211 /* EditProfileController.swift */ = {isa = PBXFileReference; fileEncoding = 4; lastKnownFileType = sourcecode.swift; path = EditProfileController.swift; sourceTree = "<group>"; };
		8FC2C55F1CBCE486007C8211 /* DashboardController.swift */ = {isa = PBXFileReference; fileEncoding = 4; lastKnownFileType = sourcecode.swift; path = DashboardController.swift; sourceTree = "<group>"; };
		8FC2C5611CBEA3A6007C8211 /* ServiceController.swift */ = {isa = PBXFileReference; fileEncoding = 4; lastKnownFileType = sourcecode.swift; path = ServiceController.swift; sourceTree = "<group>"; };
		8FC2C5631CC0FEC8007C8211 /* GmailThreadsController.swift */ = {isa = PBXFileReference; fileEncoding = 4; lastKnownFileType = sourcecode.swift; path = GmailThreadsController.swift; sourceTree = "<group>"; };
		8FC2C56D1CC11783007C8211 /* GmailThreadMessagesController.swift */ = {isa = PBXFileReference; fileEncoding = 4; lastKnownFileType = sourcecode.swift; path = GmailThreadMessagesController.swift; sourceTree = "<group>"; };
		8FC2C56F1CC122A1007C8211 /* GmailMessageController.swift */ = {isa = PBXFileReference; fileEncoding = 4; lastKnownFileType = sourcecode.swift; path = GmailMessageController.swift; sourceTree = "<group>"; };
		8FE1DFAA1CA4013A00475FF1 /* LoginController.swift */ = {isa = PBXFileReference; fileEncoding = 4; lastKnownFileType = sourcecode.swift; path = LoginController.swift; sourceTree = "<group>"; };
		8FE1DFAC1CA435DD00475FF1 /* HomeController.swift */ = {isa = PBXFileReference; fileEncoding = 4; lastKnownFileType = sourcecode.swift; path = HomeController.swift; sourceTree = "<group>"; };
		8FE1DFAF1CA52ADC00475FF1 /* Centralize iOS-Bridging-Header.h */ = {isa = PBXFileReference; lastKnownFileType = sourcecode.c.h; path = "Centralize iOS-Bridging-Header.h"; sourceTree = "<group>"; };
		8FE1DFB01CA52ADD00475FF1 /* SWRevealViewController.h */ = {isa = PBXFileReference; fileEncoding = 4; lastKnownFileType = sourcecode.c.h; path = SWRevealViewController.h; sourceTree = "<group>"; };
		8FE1DFB11CA52ADD00475FF1 /* SWRevealViewController.m */ = {isa = PBXFileReference; fileEncoding = 4; lastKnownFileType = sourcecode.c.objc; path = SWRevealViewController.m; sourceTree = "<group>"; };
		8FE1DFB31CA5323300475FF1 /* OutViewController.swift */ = {isa = PBXFileReference; fileEncoding = 4; lastKnownFileType = sourcecode.swift; path = OutViewController.swift; sourceTree = "<group>"; };
		8FE1DFD51CA6585E00475FF1 /* DBAlertController.swift */ = {isa = PBXFileReference; fileEncoding = 4; lastKnownFileType = sourcecode.swift; path = DBAlertController.swift; sourceTree = "<group>"; };
		8FE1DFDB1CA6664200475FF1 /* SignoutController.swift */ = {isa = PBXFileReference; fileEncoding = 4; lastKnownFileType = sourcecode.swift; path = SignoutController.swift; sourceTree = "<group>"; };
		8FE1DFDD1CA68CF600475FF1 /* LanguagesController.swift */ = {isa = PBXFileReference; fileEncoding = 4; lastKnownFileType = sourcecode.swift; path = LanguagesController.swift; sourceTree = "<group>"; };
		8FE1DFE31CA696FC00475FF1 /* ProfileController.swift */ = {isa = PBXFileReference; fileEncoding = 4; lastKnownFileType = sourcecode.swift; path = ProfileController.swift; sourceTree = "<group>"; };
		8FE1DFEF1CB3C59D00475FF1 /* ViewProfileController.swift */ = {isa = PBXFileReference; fileEncoding = 4; lastKnownFileType = sourcecode.swift; path = ViewProfileController.swift; sourceTree = "<group>"; };
		8FE1DFF11CB4CD9F00475FF1 /* OAuthCtrl.swift */ = {isa = PBXFileReference; fileEncoding = 4; lastKnownFileType = sourcecode.swift; path = OAuthCtrl.swift; sourceTree = "<group>"; };
		8FE1DFF41CB4E0C600475FF1 /* fr */ = {isa = PBXFileReference; lastKnownFileType = text.plist.strings; name = fr; path = fr.lproj/LaunchScreen.strings; sourceTree = "<group>"; };
		8FE1E0001CB5123700475FF1 /* I18n.swift */ = {isa = PBXFileReference; fileEncoding = 4; lastKnownFileType = sourcecode.swift; path = I18n.swift; sourceTree = "<group>"; };
		D102831B1D3CCF1D006DA5E7 /* Base */ = {isa = PBXFileReference; lastKnownFileType = file.storyboard; name = Base; path = Base.lproj/Main.storyboard; sourceTree = "<group>"; };
		D103C3281D6E12F900CBA181 /* DriveShareFileController.swift */ = {isa = PBXFileReference; fileEncoding = 4; lastKnownFileType = sourcecode.swift; path = DriveShareFileController.swift; sourceTree = "<group>"; };
		D103C35F1D7DAF7100CBA181 /* Icon-App-29x29@1x.png */ = {isa = PBXFileReference; lastKnownFileType = image.png; name = "Icon-App-29x29@1x.png"; path = "../../../../Library/Containers/com.apple.mail/Data/Library/Mail Downloads/90CEDACD-5563-47E8-9497-DD06D5A2F2DD/centralize-200/ios/AppIcon.appiconset/Icon-App-29x29@1x.png"; sourceTree = "<group>"; };
		D103C3601D7DAF7100CBA181 /* Icon-App-29x29@2x.png */ = {isa = PBXFileReference; lastKnownFileType = image.png; name = "Icon-App-29x29@2x.png"; path = "../../../../Library/Containers/com.apple.mail/Data/Library/Mail Downloads/90CEDACD-5563-47E8-9497-DD06D5A2F2DD/centralize-200/ios/AppIcon.appiconset/Icon-App-29x29@2x.png"; sourceTree = "<group>"; };
		D103C3611D7DAF7100CBA181 /* Icon-App-29x29@3x.png */ = {isa = PBXFileReference; lastKnownFileType = image.png; name = "Icon-App-29x29@3x.png"; path = "../../../../Library/Containers/com.apple.mail/Data/Library/Mail Downloads/90CEDACD-5563-47E8-9497-DD06D5A2F2DD/centralize-200/ios/AppIcon.appiconset/Icon-App-29x29@3x.png"; sourceTree = "<group>"; };
		D103C3621D7DAF7100CBA181 /* Icon-App-40x40@1x.png */ = {isa = PBXFileReference; lastKnownFileType = image.png; name = "Icon-App-40x40@1x.png"; path = "../../../../Library/Containers/com.apple.mail/Data/Library/Mail Downloads/90CEDACD-5563-47E8-9497-DD06D5A2F2DD/centralize-200/ios/AppIcon.appiconset/Icon-App-40x40@1x.png"; sourceTree = "<group>"; };
		D103C3631D7DAF7100CBA181 /* Icon-App-40x40@2x.png */ = {isa = PBXFileReference; lastKnownFileType = image.png; name = "Icon-App-40x40@2x.png"; path = "../../../../Library/Containers/com.apple.mail/Data/Library/Mail Downloads/90CEDACD-5563-47E8-9497-DD06D5A2F2DD/centralize-200/ios/AppIcon.appiconset/Icon-App-40x40@2x.png"; sourceTree = "<group>"; };
		D103C3641D7DAF7100CBA181 /* Icon-App-40x40@3x.png */ = {isa = PBXFileReference; lastKnownFileType = image.png; name = "Icon-App-40x40@3x.png"; path = "../../../../Library/Containers/com.apple.mail/Data/Library/Mail Downloads/90CEDACD-5563-47E8-9497-DD06D5A2F2DD/centralize-200/ios/AppIcon.appiconset/Icon-App-40x40@3x.png"; sourceTree = "<group>"; };
		D103C3651D7DAF7100CBA181 /* Icon-App-60x60@1x.png */ = {isa = PBXFileReference; lastKnownFileType = image.png; name = "Icon-App-60x60@1x.png"; path = "../../../../Library/Containers/com.apple.mail/Data/Library/Mail Downloads/90CEDACD-5563-47E8-9497-DD06D5A2F2DD/centralize-200/ios/AppIcon.appiconset/Icon-App-60x60@1x.png"; sourceTree = "<group>"; };
		D103C3661D7DAF7100CBA181 /* Icon-App-60x60@2x.png */ = {isa = PBXFileReference; lastKnownFileType = image.png; name = "Icon-App-60x60@2x.png"; path = "../../../../Library/Containers/com.apple.mail/Data/Library/Mail Downloads/90CEDACD-5563-47E8-9497-DD06D5A2F2DD/centralize-200/ios/AppIcon.appiconset/Icon-App-60x60@2x.png"; sourceTree = "<group>"; };
		D103C3671D7DAF7100CBA181 /* Icon-App-60x60@3x.png */ = {isa = PBXFileReference; lastKnownFileType = image.png; name = "Icon-App-60x60@3x.png"; path = "../../../../Library/Containers/com.apple.mail/Data/Library/Mail Downloads/90CEDACD-5563-47E8-9497-DD06D5A2F2DD/centralize-200/ios/AppIcon.appiconset/Icon-App-60x60@3x.png"; sourceTree = "<group>"; };
		D103C3681D7DAF7100CBA181 /* Icon-App-76x76@1x.png */ = {isa = PBXFileReference; lastKnownFileType = image.png; name = "Icon-App-76x76@1x.png"; path = "../../../../Library/Containers/com.apple.mail/Data/Library/Mail Downloads/90CEDACD-5563-47E8-9497-DD06D5A2F2DD/centralize-200/ios/AppIcon.appiconset/Icon-App-76x76@1x.png"; sourceTree = "<group>"; };
		D103C3691D7DAF7100CBA181 /* Icon-App-76x76@2x.png */ = {isa = PBXFileReference; lastKnownFileType = image.png; name = "Icon-App-76x76@2x.png"; path = "../../../../Library/Containers/com.apple.mail/Data/Library/Mail Downloads/90CEDACD-5563-47E8-9497-DD06D5A2F2DD/centralize-200/ios/AppIcon.appiconset/Icon-App-76x76@2x.png"; sourceTree = "<group>"; };
		D103C36A1D7DAF7100CBA181 /* Icon-App-76x76@3x.png */ = {isa = PBXFileReference; lastKnownFileType = image.png; name = "Icon-App-76x76@3x.png"; path = "../../../../Library/Containers/com.apple.mail/Data/Library/Mail Downloads/90CEDACD-5563-47E8-9497-DD06D5A2F2DD/centralize-200/ios/AppIcon.appiconset/Icon-App-76x76@3x.png"; sourceTree = "<group>"; };
		D103C36B1D7DAF7100CBA181 /* Icon-App-83.5x83.5@2x.png */ = {isa = PBXFileReference; lastKnownFileType = image.png; name = "Icon-App-83.5x83.5@2x.png"; path = "../../../../Library/Containers/com.apple.mail/Data/Library/Mail Downloads/90CEDACD-5563-47E8-9497-DD06D5A2F2DD/centralize-200/ios/AppIcon.appiconset/Icon-App-83.5x83.5@2x.png"; sourceTree = "<group>"; };
		D103C4561D7ED8BD00CBA181 /* iOS 9 */ = {isa = PBXFileReference; lastKnownFileType = folder; name = "iOS 9"; path = "../../../centralize/icons/iOS 9"; sourceTree = "<group>"; };
		D13671941D26BEC80032EDBD /* GmailSearchController.swift */ = {isa = PBXFileReference; fileEncoding = 4; lastKnownFileType = sourcecode.swift; path = GmailSearchController.swift; sourceTree = "<group>"; };
		D13671961D282FDC0032EDBD /* GmailReplyController.swift */ = {isa = PBXFileReference; fileEncoding = 4; lastKnownFileType = sourcecode.swift; path = GmailReplyController.swift; sourceTree = "<group>"; };
		D13924071D5CC70E00682FDF /* CalendarReminderListController.swift */ = {isa = PBXFileReference; fileEncoding = 4; lastKnownFileType = sourcecode.swift; path = CalendarReminderListController.swift; sourceTree = "<group>"; };
		D139240A1D61EE2B00682FDF /* DriveController.swift */ = {isa = PBXFileReference; fileEncoding = 4; lastKnownFileType = sourcecode.swift; path = DriveController.swift; sourceTree = "<group>"; };
		D139240E1D6228BC00682FDF /* FileListCell.swift */ = {isa = PBXFileReference; fileEncoding = 4; lastKnownFileType = sourcecode.swift; path = FileListCell.swift; sourceTree = "<group>"; };
		D13924101D6268CB00682FDF /* DriveFileController.swift */ = {isa = PBXFileReference; fileEncoding = 4; lastKnownFileType = sourcecode.swift; path = DriveFileController.swift; sourceTree = "<group>"; };
		D13924211D64A0FC00682FDF /* comment-enabled-64.png */ = {isa = PBXFileReference; lastKnownFileType = image.png; name = "comment-enabled-64.png"; path = "img/comment-enabled-64.png"; sourceTree = "<group>"; };
		D13924231D64A12700682FDF /* warning.png */ = {isa = PBXFileReference; lastKnownFileType = image.png; name = warning.png; path = img/warning.png; sourceTree = "<group>"; };
		D13924431D64A17500682FDF /* Centralize.png */ = {isa = PBXFileReference; lastKnownFileType = image.png; name = Centralize.png; path = img/Centralize.png; sourceTree = "<group>"; };
		D13924451D64A18600682FDF /* loader-1.png */ = {isa = PBXFileReference; lastKnownFileType = image.png; name = "loader-1.png"; path = "img/loader-1.png"; sourceTree = "<group>"; };
		D13924461D64A18600682FDF /* loader-2.png */ = {isa = PBXFileReference; lastKnownFileType = image.png; name = "loader-2.png"; path = "img/loader-2.png"; sourceTree = "<group>"; };
		D13924471D64A18600682FDF /* loader-3.png */ = {isa = PBXFileReference; lastKnownFileType = image.png; name = "loader-3.png"; path = "img/loader-3.png"; sourceTree = "<group>"; };
		D13924481D64A18600682FDF /* loader-4.png */ = {isa = PBXFileReference; lastKnownFileType = image.png; name = "loader-4.png"; path = "img/loader-4.png"; sourceTree = "<group>"; };
		D13924491D64A18600682FDF /* loader-5.png */ = {isa = PBXFileReference; lastKnownFileType = image.png; name = "loader-5.png"; path = "img/loader-5.png"; sourceTree = "<group>"; };
		D139244A1D64A18600682FDF /* loader-6.png */ = {isa = PBXFileReference; lastKnownFileType = image.png; name = "loader-6.png"; path = "img/loader-6.png"; sourceTree = "<group>"; };
		D139244B1D64A18600682FDF /* loader-7.png */ = {isa = PBXFileReference; lastKnownFileType = image.png; name = "loader-7.png"; path = "img/loader-7.png"; sourceTree = "<group>"; };
		D139244C1D64A18600682FDF /* loader-8.png */ = {isa = PBXFileReference; lastKnownFileType = image.png; name = "loader-8.png"; path = "img/loader-8.png"; sourceTree = "<group>"; };
		D139244D1D64A18600682FDF /* loader-9.png */ = {isa = PBXFileReference; lastKnownFileType = image.png; name = "loader-9.png"; path = "img/loader-9.png"; sourceTree = "<group>"; };
		D139244E1D64A18600682FDF /* loader-10.png */ = {isa = PBXFileReference; lastKnownFileType = image.png; name = "loader-10.png"; path = "img/loader-10.png"; sourceTree = "<group>"; };
		D139244F1D64A18600682FDF /* loader-11.png */ = {isa = PBXFileReference; lastKnownFileType = image.png; name = "loader-11.png"; path = "img/loader-11.png"; sourceTree = "<group>"; };
		D13924501D64A18600682FDF /* loader-12.png */ = {isa = PBXFileReference; lastKnownFileType = image.png; name = "loader-12.png"; path = "img/loader-12.png"; sourceTree = "<group>"; };
		D139245D1D64A89900682FDF /* comment-disabled-64.png */ = {isa = PBXFileReference; lastKnownFileType = image.png; name = "comment-disabled-64.png"; path = "img/comment-disabled-64.png"; sourceTree = "<group>"; };
		D139245E1D64A89900682FDF /* write-enabled-64.png */ = {isa = PBXFileReference; lastKnownFileType = image.png; name = "write-enabled-64.png"; path = "img/write-enabled-64.png"; sourceTree = "<group>"; };
		D139245F1D64A89900682FDF /* copy-disabled-64.png */ = {isa = PBXFileReference; lastKnownFileType = image.png; name = "copy-disabled-64.png"; path = "img/copy-disabled-64.png"; sourceTree = "<group>"; };
		D13924601D64A89900682FDF /* share-disabled-64.png */ = {isa = PBXFileReference; lastKnownFileType = image.png; name = "share-disabled-64.png"; path = "img/share-disabled-64.png"; sourceTree = "<group>"; };
		D13924611D64A89900682FDF /* share-enabled-64.png */ = {isa = PBXFileReference; lastKnownFileType = image.png; name = "share-enabled-64.png"; path = "img/share-enabled-64.png"; sourceTree = "<group>"; };
		D13924621D64A89900682FDF /* read-enabled-64.png */ = {isa = PBXFileReference; lastKnownFileType = image.png; name = "read-enabled-64.png"; path = "img/read-enabled-64.png"; sourceTree = "<group>"; };
		D13924631D64A89900682FDF /* copy-enabled-64.png */ = {isa = PBXFileReference; lastKnownFileType = image.png; name = "copy-enabled-64.png"; path = "img/copy-enabled-64.png"; sourceTree = "<group>"; };
		D13924641D64A89900682FDF /* write-disabled-64.png */ = {isa = PBXFileReference; lastKnownFileType = image.png; name = "write-disabled-64.png"; path = "img/write-disabled-64.png"; sourceTree = "<group>"; };
		D13924651D64A89900682FDF /* read-disabled-64.png */ = {isa = PBXFileReference; lastKnownFileType = image.png; name = "read-disabled-64.png"; path = "img/read-disabled-64.png"; sourceTree = "<group>"; };
		D189E30D1D2EFB74005A06FA /* CalendarEventUpdateController.swift */ = {isa = PBXFileReference; fileEncoding = 4; lastKnownFileType = sourcecode.swift; path = CalendarEventUpdateController.swift; sourceTree = "<group>"; };
		D189E30F1D2FC80C005A06FA /* CalendarEventCreateController.swift */ = {isa = PBXFileReference; fileEncoding = 4; lastKnownFileType = sourcecode.swift; path = CalendarEventCreateController.swift; sourceTree = "<group>"; };
		D189E3111D3007A4005A06FA /* CalendarEventSearchController.swift */ = {isa = PBXFileReference; fileEncoding = 4; lastKnownFileType = sourcecode.swift; path = CalendarEventSearchController.swift; sourceTree = "<group>"; };
		D1CA0B531D410B1400BE194B /* FAQController.swift */ = {isa = PBXFileReference; fileEncoding = 4; lastKnownFileType = sourcecode.swift; path = FAQController.swift; sourceTree = "<group>"; };
		D1CA0B551D411C9B00BE194B /* CustomFAQCell.swift */ = {isa = PBXFileReference; fileEncoding = 4; lastKnownFileType = sourcecode.swift; path = CustomFAQCell.swift; sourceTree = "<group>"; };
		D1CD4CA91D2AE74900F60ED4 /* CalendarController.swift */ = {isa = PBXFileReference; fileEncoding = 4; lastKnownFileType = sourcecode.swift; path = CalendarController.swift; sourceTree = "<group>"; };
		D1CD4CAB1D2AEBD500F60ED4 /* CalendarEventListController.swift */ = {isa = PBXFileReference; fileEncoding = 4; lastKnownFileType = sourcecode.swift; path = CalendarEventListController.swift; sourceTree = "<group>"; };
		D1CD4CAD1D2AECC800F60ED4 /* CalendarEventDetailsController.swift */ = {isa = PBXFileReference; fileEncoding = 4; lastKnownFileType = sourcecode.swift; path = CalendarEventDetailsController.swift; sourceTree = "<group>"; };
		D1E9534D1D8DB48000AB7690 /* TwitterController.swift */ = {isa = PBXFileReference; fileEncoding = 4; lastKnownFileType = sourcecode.swift; path = TwitterController.swift; sourceTree = "<group>"; };
		D1E9534F1D8DF01800AB7690 /* TweetListCell.swift */ = {isa = PBXFileReference; fileEncoding = 4; lastKnownFileType = sourcecode.swift; path = TweetListCell.swift; sourceTree = "<group>"; };
		D1E953511D902A2600AB7690 /* TwitterNewTweetController.swift */ = {isa = PBXFileReference; fileEncoding = 4; lastKnownFileType = sourcecode.swift; path = TwitterNewTweetController.swift; sourceTree = "<group>"; };
		D1ED7B3F1D2D985900FFAB95 /* EventListCell.swift */ = {isa = PBXFileReference; fileEncoding = 4; lastKnownFileType = sourcecode.swift; path = EventListCell.swift; sourceTree = "<group>"; };
/* End PBXFileReference section */

/* Begin PBXFrameworksBuildPhase section */
		8F9D6B201C7463F70024E75F /* Frameworks */ = {
			isa = PBXFrameworksBuildPhase;
			buildActionMask = 2147483647;
			files = (
			);
			runOnlyForDeploymentPostprocessing = 0;
		};
		8F9D6B371C7463F70024E75F /* Frameworks */ = {
			isa = PBXFrameworksBuildPhase;
			buildActionMask = 2147483647;
			files = (
			);
			runOnlyForDeploymentPostprocessing = 0;
		};
		8F9D6B421C7463F70024E75F /* Frameworks */ = {
			isa = PBXFrameworksBuildPhase;
			buildActionMask = 2147483647;
			files = (
			);
			runOnlyForDeploymentPostprocessing = 0;
		};
/* End PBXFrameworksBuildPhase section */

/* Begin PBXGroup section */
		8F9D6B1A1C7463F70024E75F = {
			isa = PBXGroup;
			children = (
				8F9D6B251C7463F70024E75F /* Centralize iOS */,
				8F9D6B3D1C7463F70024E75F /* Centralize iOSTests */,
				8F9D6B481C7463F70024E75F /* Centralize iOSUITests */,
				8F9D6B241C7463F70024E75F /* Products */,
			);
			sourceTree = "<group>";
		};
		8F9D6B241C7463F70024E75F /* Products */ = {
			isa = PBXGroup;
			children = (
				8F9D6B231C7463F70024E75F /* Centralize iOS.app */,
				8F9D6B3A1C7463F70024E75F /* Centralize iOSTests.xctest */,
				8F9D6B451C7463F70024E75F /* Centralize iOSUITests.xctest */,
			);
			name = Products;
			sourceTree = "<group>";
		};
		8F9D6B251C7463F70024E75F /* Centralize iOS */ = {
			isa = PBXGroup;
			children = (
				8FE1DFAE1CA52A5300475FF1 /* SWRevealViewController */,
				8F9D6B571C7464B60024E75F /* img */,
				8F9D6B261C7463F70024E75F /* AppDelegate.swift */,
				8F9D6B281C7463F70024E75F /* ViewController.swift */,
				8FE1DFDD1CA68CF600475FF1 /* LanguagesController.swift */,
				8FE1DFB31CA5323300475FF1 /* OutViewController.swift */,
				D102831A1D3CCF1D006DA5E7 /* Main.storyboard */,
				8F9D6B301C7463F70024E75F /* Assets.xcassets */,
				8F9D6B321C7463F70024E75F /* LaunchScreen.storyboard */,
				8F9D6B351C7463F70024E75F /* Info.plist */,
				8F9D6B2D1C7463F70024E75F /* Centralize_iOS.xcdatamodeld */,
				8F8458151C7720F100946AE1 /* ErrorController.swift */,
				8FE1DFAA1CA4013A00475FF1 /* LoginController.swift */,
				8FE1DFAC1CA435DD00475FF1 /* HomeController.swift */,
				8FE1DFD51CA6585E00475FF1 /* DBAlertController.swift */,
				8FE1DFDB1CA6664200475FF1 /* SignoutController.swift */,
				8FE1DFE31CA696FC00475FF1 /* ProfileController.swift */,
				8FE1DFEF1CB3C59D00475FF1 /* ViewProfileController.swift */,
				8FE1DFF11CB4CD9F00475FF1 /* OAuthCtrl.swift */,
				8FE1E0001CB5123700475FF1 /* I18n.swift */,
				8FC2C55B1CB67830007C8211 /* MenuController.swift */,
				8FC2C55D1CB7D197007C8211 /* EditProfileController.swift */,
				8FC2C55F1CBCE486007C8211 /* DashboardController.swift */,
				8FC2C5611CBEA3A6007C8211 /* ServiceController.swift */,
				8FC2C56D1CC11783007C8211 /* GmailThreadMessagesController.swift */,
				8FC2C5631CC0FEC8007C8211 /* GmailThreadsController.swift */,
				8FC2C56F1CC122A1007C8211 /* GmailMessageController.swift */,
				8F38897A1CEBA1800098E133 /* Utils.swift */,
				D13671941D26BEC80032EDBD /* GmailSearchController.swift */,
				D13671961D282FDC0032EDBD /* GmailReplyController.swift */,
				D1CD4CA81D2AE71F00F60ED4 /* Calendar */,
				D1CA0B521D410AEC00BE194B /* Centralize */,
				D13924091D61EDF500682FDF /* Drive */,
				D1E9534C1D8DB45E00AB7690 /* Twitter */,
			);
			path = "Centralize iOS";
			sourceTree = "<group>";
		};
		8F9D6B3D1C7463F70024E75F /* Centralize iOSTests */ = {
			isa = PBXGroup;
			children = (
				8F9D6B3E1C7463F70024E75F /* Centralize_iOSTests.swift */,
				8F9D6B401C7463F70024E75F /* Info.plist */,
			);
			path = "Centralize iOSTests";
			sourceTree = "<group>";
		};
		8F9D6B481C7463F70024E75F /* Centralize iOSUITests */ = {
			isa = PBXGroup;
			children = (
				8F9D6B491C7463F70024E75F /* Centralize_iOSUITests.swift */,
				8F9D6B4B1C7463F70024E75F /* Info.plist */,
			);
			path = "Centralize iOSUITests";
			sourceTree = "<group>";
		};
		8F9D6B571C7464B60024E75F /* img */ = {
			isa = PBXGroup;
			children = (
				D13924121D6277F300682FDF /* drive */,
				8FE1DFC81CA554A800475FF1 /* icons */,
				8F9D6B5D1C7471530024E75F /* loader */,
				D13924431D64A17500682FDF /* Centralize.png */,
			);
			name = img;
			sourceTree = "<group>";
		};
		8F9D6B5D1C7471530024E75F /* loader */ = {
			isa = PBXGroup;
			children = (
				D13924451D64A18600682FDF /* loader-1.png */,
				D13924461D64A18600682FDF /* loader-2.png */,
				D13924471D64A18600682FDF /* loader-3.png */,
				D13924481D64A18600682FDF /* loader-4.png */,
				D13924491D64A18600682FDF /* loader-5.png */,
				D139244A1D64A18600682FDF /* loader-6.png */,
				D139244B1D64A18600682FDF /* loader-7.png */,
				D139244C1D64A18600682FDF /* loader-8.png */,
				D139244D1D64A18600682FDF /* loader-9.png */,
				D139244E1D64A18600682FDF /* loader-10.png */,
				D139244F1D64A18600682FDF /* loader-11.png */,
				D13924501D64A18600682FDF /* loader-12.png */,
			);
			name = loader;
			sourceTree = "<group>";
		};
		8FE1DFAE1CA52A5300475FF1 /* SWRevealViewController */ = {
			isa = PBXGroup;
			children = (
				8FE1DFB01CA52ADD00475FF1 /* SWRevealViewController.h */,
				8FE1DFB11CA52ADD00475FF1 /* SWRevealViewController.m */,
				8FE1DFAF1CA52ADC00475FF1 /* Centralize iOS-Bridging-Header.h */,
			);
			name = SWRevealViewController;
			sourceTree = "<group>";
		};
		8FE1DFC81CA554A800475FF1 /* icons */ = {
			isa = PBXGroup;
			children = (
				D103C4561D7ED8BD00CBA181 /* iOS 9 */,
				D103C35E1D7DAF4D00CBA181 /* centralize-AppIcon */,
				D13924231D64A12700682FDF /* warning.png */,
			);
			name = icons;
			sourceTree = "<group>";
		};
		D103C35E1D7DAF4D00CBA181 /* centralize-AppIcon */ = {
			isa = PBXGroup;
			children = (
				D103C35F1D7DAF7100CBA181 /* Icon-App-29x29@1x.png */,
				D103C3601D7DAF7100CBA181 /* Icon-App-29x29@2x.png */,
				D103C3611D7DAF7100CBA181 /* Icon-App-29x29@3x.png */,
				D103C3621D7DAF7100CBA181 /* Icon-App-40x40@1x.png */,
				D103C3631D7DAF7100CBA181 /* Icon-App-40x40@2x.png */,
				D103C3641D7DAF7100CBA181 /* Icon-App-40x40@3x.png */,
				D103C3651D7DAF7100CBA181 /* Icon-App-60x60@1x.png */,
				D103C3661D7DAF7100CBA181 /* Icon-App-60x60@2x.png */,
				D103C3671D7DAF7100CBA181 /* Icon-App-60x60@3x.png */,
				D103C3681D7DAF7100CBA181 /* Icon-App-76x76@1x.png */,
				D103C3691D7DAF7100CBA181 /* Icon-App-76x76@2x.png */,
				D103C36A1D7DAF7100CBA181 /* Icon-App-76x76@3x.png */,
				D103C36B1D7DAF7100CBA181 /* Icon-App-83.5x83.5@2x.png */,
			);
			name = "centralize-AppIcon";
			sourceTree = "<group>";
		};
		D13924091D61EDF500682FDF /* Drive */ = {
			isa = PBXGroup;
			children = (
				D139240E1D6228BC00682FDF /* FileListCell.swift */,
				D139240A1D61EE2B00682FDF /* DriveController.swift */,
				D13924101D6268CB00682FDF /* DriveFileController.swift */,
				D103C3281D6E12F900CBA181 /* DriveShareFileController.swift */,
			);
			name = Drive;
			sourceTree = "<group>";
		};
		D13924121D6277F300682FDF /* drive */ = {
			isa = PBXGroup;
			children = (
				D139245D1D64A89900682FDF /* comment-disabled-64.png */,
				D13924211D64A0FC00682FDF /* comment-enabled-64.png */,
				D139245F1D64A89900682FDF /* copy-disabled-64.png */,
				D13924631D64A89900682FDF /* copy-enabled-64.png */,
				D13924651D64A89900682FDF /* read-disabled-64.png */,
				D13924621D64A89900682FDF /* read-enabled-64.png */,
				D13924601D64A89900682FDF /* share-disabled-64.png */,
				D13924611D64A89900682FDF /* share-enabled-64.png */,
				D13924641D64A89900682FDF /* write-disabled-64.png */,
				D139245E1D64A89900682FDF /* write-enabled-64.png */,
			);
			name = drive;
			sourceTree = "<group>";
		};
		D1CA0B521D410AEC00BE194B /* Centralize */ = {
			isa = PBXGroup;
			children = (
				D1CA0B531D410B1400BE194B /* FAQController.swift */,
				D1CA0B551D411C9B00BE194B /* CustomFAQCell.swift */,
			);
			name = Centralize;
			sourceTree = "<group>";
		};
		D1CD4CA81D2AE71F00F60ED4 /* Calendar */ = {
			isa = PBXGroup;
			children = (
				D1ED7B3F1D2D985900FFAB95 /* EventListCell.swift */,
				D1CD4CA91D2AE74900F60ED4 /* CalendarController.swift */,
				D1CD4CAB1D2AEBD500F60ED4 /* CalendarEventListController.swift */,
				D1CD4CAD1D2AECC800F60ED4 /* CalendarEventDetailsController.swift */,
				D189E30D1D2EFB74005A06FA /* CalendarEventUpdateController.swift */,
				D189E30F1D2FC80C005A06FA /* CalendarEventCreateController.swift */,
				D189E3111D3007A4005A06FA /* CalendarEventSearchController.swift */,
				D13924071D5CC70E00682FDF /* CalendarReminderListController.swift */,
			);
			name = Calendar;
			sourceTree = "<group>";
		};
		D1E9534C1D8DB45E00AB7690 /* Twitter */ = {
			isa = PBXGroup;
			children = (
				D1E9534F1D8DF01800AB7690 /* TweetListCell.swift */,
				D1E9534D1D8DB48000AB7690 /* TwitterController.swift */,
				D1E953511D902A2600AB7690 /* TwitterNewTweetController.swift */,
			);
			name = Twitter;
			sourceTree = "<group>";
		};
/* End PBXGroup section */

/* Begin PBXNativeTarget section */
		8F9D6B221C7463F70024E75F /* Centralize iOS */ = {
			isa = PBXNativeTarget;
			buildConfigurationList = 8F9D6B4E1C7463F70024E75F /* Build configuration list for PBXNativeTarget "Centralize iOS" */;
			buildPhases = (
				8F9D6B1F1C7463F70024E75F /* Sources */,
				8F9D6B201C7463F70024E75F /* Frameworks */,
				8F9D6B211C7463F70024E75F /* Resources */,
			);
			buildRules = (
			);
			dependencies = (
			);
			name = "Centralize iOS";
			productName = "Centralize iOS";
			productReference = 8F9D6B231C7463F70024E75F /* Centralize iOS.app */;
			productType = "com.apple.product-type.application";
		};
		8F9D6B391C7463F70024E75F /* Centralize iOSTests */ = {
			isa = PBXNativeTarget;
			buildConfigurationList = 8F9D6B511C7463F70024E75F /* Build configuration list for PBXNativeTarget "Centralize iOSTests" */;
			buildPhases = (
				8F9D6B361C7463F70024E75F /* Sources */,
				8F9D6B371C7463F70024E75F /* Frameworks */,
				8F9D6B381C7463F70024E75F /* Resources */,
			);
			buildRules = (
			);
			dependencies = (
				8F9D6B3C1C7463F70024E75F /* PBXTargetDependency */,
			);
			name = "Centralize iOSTests";
			productName = "Centralize iOSTests";
			productReference = 8F9D6B3A1C7463F70024E75F /* Centralize iOSTests.xctest */;
			productType = "com.apple.product-type.bundle.unit-test";
		};
		8F9D6B441C7463F70024E75F /* Centralize iOSUITests */ = {
			isa = PBXNativeTarget;
			buildConfigurationList = 8F9D6B541C7463F70024E75F /* Build configuration list for PBXNativeTarget "Centralize iOSUITests" */;
			buildPhases = (
				8F9D6B411C7463F70024E75F /* Sources */,
				8F9D6B421C7463F70024E75F /* Frameworks */,
				8F9D6B431C7463F70024E75F /* Resources */,
			);
			buildRules = (
			);
			dependencies = (
				8F9D6B471C7463F70024E75F /* PBXTargetDependency */,
			);
			name = "Centralize iOSUITests";
			productName = "Centralize iOSUITests";
			productReference = 8F9D6B451C7463F70024E75F /* Centralize iOSUITests.xctest */;
			productType = "com.apple.product-type.bundle.ui-testing";
		};
/* End PBXNativeTarget section */

/* Begin PBXProject section */
		8F9D6B1B1C7463F70024E75F /* Project object */ = {
			isa = PBXProject;
			attributes = {
				LastSwiftUpdateCheck = 0720;
				LastUpgradeCheck = 0720;
				ORGANIZATIONNAME = Centralize;
				TargetAttributes = {
					8F9D6B221C7463F70024E75F = {
						CreatedOnToolsVersion = 7.2.1;
						LastSwiftMigration = 0800;
					};
					8F9D6B391C7463F70024E75F = {
						CreatedOnToolsVersion = 7.2.1;
						LastSwiftMigration = 0800;
						TestTargetID = 8F9D6B221C7463F70024E75F;
					};
					8F9D6B441C7463F70024E75F = {
						CreatedOnToolsVersion = 7.2.1;
						LastSwiftMigration = 0800;
						TestTargetID = 8F9D6B221C7463F70024E75F;
					};
				};
			};
			buildConfigurationList = 8F9D6B1E1C7463F70024E75F /* Build configuration list for PBXProject "Centralize iOS" */;
			compatibilityVersion = "Xcode 3.2";
			developmentRegion = English;
			hasScannedForEncodings = 0;
			knownRegions = (
				en,
				Base,
			);
			mainGroup = 8F9D6B1A1C7463F70024E75F;
			productRefGroup = 8F9D6B241C7463F70024E75F /* Products */;
			projectDirPath = "";
			projectRoot = "";
			targets = (
				8F9D6B221C7463F70024E75F /* Centralize iOS */,
				8F9D6B391C7463F70024E75F /* Centralize iOSTests */,
				8F9D6B441C7463F70024E75F /* Centralize iOSUITests */,
			);
		};
/* End PBXProject section */

/* Begin PBXResourcesBuildPhase section */
		8F9D6B211C7463F70024E75F /* Resources */ = {
			isa = PBXResourcesBuildPhase;
			buildActionMask = 2147483647;
			files = (
				D139246C1D64A89900682FDF /* copy-enabled-64.png in Resources */,
				8F9D6B341C7463F70024E75F /* LaunchScreen.storyboard in Resources */,
				D103C3761D7DAF7100CBA181 /* Icon-App-76x76@2x.png in Resources */,
				8F9D6B311C7463F70024E75F /* Assets.xcassets in Resources */,
				D103C3711D7DAF7100CBA181 /* Icon-App-40x40@3x.png in Resources */,
				D139245A1D64A18600682FDF /* loader-10.png in Resources */,
				D13924241D64A12700682FDF /* warning.png in Resources */,
				D139246D1D64A89900682FDF /* write-disabled-64.png in Resources */,
				D139246A1D64A89900682FDF /* share-enabled-64.png in Resources */,
				D13924221D64A0FC00682FDF /* comment-enabled-64.png in Resources */,
				D13924671D64A89900682FDF /* write-enabled-64.png in Resources */,
				D103C3721D7DAF7100CBA181 /* Icon-App-60x60@1x.png in Resources */,
				D13924521D64A18600682FDF /* loader-2.png in Resources */,
				D103C3741D7DAF7100CBA181 /* Icon-App-60x60@3x.png in Resources */,
				D13924681D64A89900682FDF /* copy-disabled-64.png in Resources */,
				D103C3731D7DAF7100CBA181 /* Icon-App-60x60@2x.png in Resources */,
				D103C4571D7ED8BD00CBA181 /* iOS 9 in Resources */,
				D13924661D64A89900682FDF /* comment-disabled-64.png in Resources */,
				D102831C1D3CCF1D006DA5E7 /* Main.storyboard in Resources */,
				D103C36D1D7DAF7100CBA181 /* Icon-App-29x29@2x.png in Resources */,
				D139245B1D64A18600682FDF /* loader-11.png in Resources */,
				D13924541D64A18600682FDF /* loader-4.png in Resources */,
				D103C3751D7DAF7100CBA181 /* Icon-App-76x76@1x.png in Resources */,
				D13924511D64A18600682FDF /* loader-1.png in Resources */,
				D13924561D64A18600682FDF /* loader-6.png in Resources */,
				D13924581D64A18600682FDF /* loader-8.png in Resources */,
				D103C36E1D7DAF7100CBA181 /* Icon-App-29x29@3x.png in Resources */,
				D13924591D64A18600682FDF /* loader-9.png in Resources */,
				D13924571D64A18600682FDF /* loader-7.png in Resources */,
				D13924531D64A18600682FDF /* loader-3.png in Resources */,
				D139245C1D64A18600682FDF /* loader-12.png in Resources */,
				D103C3701D7DAF7100CBA181 /* Icon-App-40x40@2x.png in Resources */,
				D139246E1D64A89900682FDF /* read-disabled-64.png in Resources */,
				D103C36F1D7DAF7100CBA181 /* Icon-App-40x40@1x.png in Resources */,
				D103C3781D7DAF7100CBA181 /* Icon-App-83.5x83.5@2x.png in Resources */,
				D103C36C1D7DAF7100CBA181 /* Icon-App-29x29@1x.png in Resources */,
				D13924441D64A17500682FDF /* Centralize.png in Resources */,
				D103C3771D7DAF7100CBA181 /* Icon-App-76x76@3x.png in Resources */,
				D13924691D64A89900682FDF /* share-disabled-64.png in Resources */,
				D139246B1D64A89900682FDF /* read-enabled-64.png in Resources */,
				D13924551D64A18600682FDF /* loader-5.png in Resources */,
			);
			runOnlyForDeploymentPostprocessing = 0;
		};
		8F9D6B381C7463F70024E75F /* Resources */ = {
			isa = PBXResourcesBuildPhase;
			buildActionMask = 2147483647;
			files = (
			);
			runOnlyForDeploymentPostprocessing = 0;
		};
		8F9D6B431C7463F70024E75F /* Resources */ = {
			isa = PBXResourcesBuildPhase;
			buildActionMask = 2147483647;
			files = (
			);
			runOnlyForDeploymentPostprocessing = 0;
		};
/* End PBXResourcesBuildPhase section */

/* Begin PBXSourcesBuildPhase section */
		8F9D6B1F1C7463F70024E75F /* Sources */ = {
			isa = PBXSourcesBuildPhase;
			buildActionMask = 2147483647;
			files = (
				D13671971D282FDC0032EDBD /* GmailReplyController.swift in Sources */,
				8FC2C5641CC0FEC9007C8211 /* GmailThreadsController.swift in Sources */,
				8FE1DFB21CA52ADD00475FF1 /* SWRevealViewController.m in Sources */,
				D1CA0B561D411C9B00BE194B /* CustomFAQCell.swift in Sources */,
				D13924081D5CC70E00682FDF /* CalendarReminderListController.swift in Sources */,
				8FE1DFDE1CA68CF600475FF1 /* LanguagesController.swift in Sources */,
				8FC2C56E1CC11783007C8211 /* GmailThreadMessagesController.swift in Sources */,
				8FE1DFF21CB4CD9F00475FF1 /* OAuthCtrl.swift in Sources */,
				8FE1DFB41CA5323300475FF1 /* OutViewController.swift in Sources */,
				D1E9534E1D8DB48000AB7690 /* TwitterController.swift in Sources */,
				8FC2C5601CBCE486007C8211 /* DashboardController.swift in Sources */,
				D1CA0B541D410B1400BE194B /* FAQController.swift in Sources */,
				8F9D6B2F1C7463F70024E75F /* Centralize_iOS.xcdatamodeld in Sources */,
				D189E3101D2FC80C005A06FA /* CalendarEventCreateController.swift in Sources */,
				8FC2C5621CBEA3A6007C8211 /* ServiceController.swift in Sources */,
				8FE1DFDC1CA6664200475FF1 /* SignoutController.swift in Sources */,
				D13671951D26BEC80032EDBD /* GmailSearchController.swift in Sources */,
				D103C3291D6E12F900CBA181 /* DriveShareFileController.swift in Sources */,
				8FE1DFD61CA6585E00475FF1 /* DBAlertController.swift in Sources */,
				D1CD4CAE1D2AECC800F60ED4 /* CalendarEventDetailsController.swift in Sources */,
				8F9D6B291C7463F70024E75F /* ViewController.swift in Sources */,
				8FC2C5701CC122A1007C8211 /* GmailMessageController.swift in Sources */,
				8FC2C55C1CB67830007C8211 /* MenuController.swift in Sources */,
				8FE1DFF01CB3C59D00475FF1 /* ViewProfileController.swift in Sources */,
				D1CD4CAC1D2AEBD500F60ED4 /* CalendarEventListController.swift in Sources */,
				D189E3121D3007A4005A06FA /* CalendarEventSearchController.swift in Sources */,
				8F38897B1CEBA1800098E133 /* Utils.swift in Sources */,
				8FE1DFAD1CA435DD00475FF1 /* HomeController.swift in Sources */,
				8F8458161C7720F100946AE1 /* ErrorController.swift in Sources */,
				8F9D6B271C7463F70024E75F /* AppDelegate.swift in Sources */,
				D1CD4CAA1D2AE74900F60ED4 /* CalendarController.swift in Sources */,
				8FE1DFAB1CA4013A00475FF1 /* LoginController.swift in Sources */,
				D13924111D6268CB00682FDF /* DriveFileController.swift in Sources */,
				D189E30E1D2EFB74005A06FA /* CalendarEventUpdateController.swift in Sources */,
				D1E953501D8DF01800AB7690 /* TweetListCell.swift in Sources */,
				D1ED7B401D2D985900FFAB95 /* EventListCell.swift in Sources */,
				D1E953521D902A2600AB7690 /* TwitterNewTweetController.swift in Sources */,
				D139240F1D6228BC00682FDF /* FileListCell.swift in Sources */,
				8FC2C55E1CB7D197007C8211 /* EditProfileController.swift in Sources */,
				8FE1DFE41CA696FC00475FF1 /* ProfileController.swift in Sources */,
				D139240B1D61EE2B00682FDF /* DriveController.swift in Sources */,
				8FE1E0011CB5123700475FF1 /* I18n.swift in Sources */,
			);
			runOnlyForDeploymentPostprocessing = 0;
		};
		8F9D6B361C7463F70024E75F /* Sources */ = {
			isa = PBXSourcesBuildPhase;
			buildActionMask = 2147483647;
			files = (
				8F9D6B3F1C7463F70024E75F /* Centralize_iOSTests.swift in Sources */,
			);
			runOnlyForDeploymentPostprocessing = 0;
		};
		8F9D6B411C7463F70024E75F /* Sources */ = {
			isa = PBXSourcesBuildPhase;
			buildActionMask = 2147483647;
			files = (
				8F9D6B4A1C7463F70024E75F /* Centralize_iOSUITests.swift in Sources */,
			);
			runOnlyForDeploymentPostprocessing = 0;
		};
/* End PBXSourcesBuildPhase section */

/* Begin PBXTargetDependency section */
		8F9D6B3C1C7463F70024E75F /* PBXTargetDependency */ = {
			isa = PBXTargetDependency;
			target = 8F9D6B221C7463F70024E75F /* Centralize iOS */;
			targetProxy = 8F9D6B3B1C7463F70024E75F /* PBXContainerItemProxy */;
		};
		8F9D6B471C7463F70024E75F /* PBXTargetDependency */ = {
			isa = PBXTargetDependency;
			target = 8F9D6B221C7463F70024E75F /* Centralize iOS */;
			targetProxy = 8F9D6B461C7463F70024E75F /* PBXContainerItemProxy */;
		};
/* End PBXTargetDependency section */

/* Begin PBXVariantGroup section */
		8F9D6B321C7463F70024E75F /* LaunchScreen.storyboard */ = {
			isa = PBXVariantGroup;
			children = (
				8F9D6B331C7463F70024E75F /* Base */,
				8FE1DFF41CB4E0C600475FF1 /* fr */,
			);
			name = LaunchScreen.storyboard;
			sourceTree = "<group>";
		};
		D102831A1D3CCF1D006DA5E7 /* Main.storyboard */ = {
			isa = PBXVariantGroup;
			children = (
				D102831B1D3CCF1D006DA5E7 /* Base */,
			);
			name = Main.storyboard;
			sourceTree = "<group>";
		};
/* End PBXVariantGroup section */

/* Begin XCBuildConfiguration section */
		8F9D6B4C1C7463F70024E75F /* Debug */ = {
			isa = XCBuildConfiguration;
			buildSettings = {
				ALWAYS_SEARCH_USER_PATHS = NO;
				CLANG_CXX_LANGUAGE_STANDARD = "gnu++0x";
				CLANG_CXX_LIBRARY = "libc++";
				CLANG_ENABLE_MODULES = YES;
				CLANG_ENABLE_OBJC_ARC = YES;
				CLANG_WARN_BOOL_CONVERSION = YES;
				CLANG_WARN_CONSTANT_CONVERSION = YES;
				CLANG_WARN_DIRECT_OBJC_ISA_USAGE = YES_ERROR;
				CLANG_WARN_EMPTY_BODY = YES;
				CLANG_WARN_ENUM_CONVERSION = YES;
				CLANG_WARN_INT_CONVERSION = YES;
				CLANG_WARN_OBJC_ROOT_CLASS = YES_ERROR;
				CLANG_WARN_UNREACHABLE_CODE = YES;
				CLANG_WARN__DUPLICATE_METHOD_MATCH = YES;
				"CODE_SIGN_IDENTITY[sdk=iphoneos*]" = "iPhone Developer";
				COPY_PHASE_STRIP = NO;
				DEBUG_INFORMATION_FORMAT = dwarf;
				ENABLE_STRICT_OBJC_MSGSEND = YES;
				ENABLE_TESTABILITY = YES;
				GCC_C_LANGUAGE_STANDARD = gnu99;
				GCC_DYNAMIC_NO_PIC = NO;
				GCC_NO_COMMON_BLOCKS = YES;
				GCC_OPTIMIZATION_LEVEL = 0;
				GCC_PREPROCESSOR_DEFINITIONS = (
					"DEBUG=1",
					"$(inherited)",
				);
				GCC_WARN_64_TO_32_BIT_CONVERSION = YES;
				GCC_WARN_ABOUT_RETURN_TYPE = YES_ERROR;
				GCC_WARN_UNDECLARED_SELECTOR = YES;
				GCC_WARN_UNINITIALIZED_AUTOS = YES_AGGRESSIVE;
				GCC_WARN_UNUSED_FUNCTION = YES;
				GCC_WARN_UNUSED_VARIABLE = YES;
				IPHONEOS_DEPLOYMENT_TARGET = 9.2;
				MTL_ENABLE_DEBUG_INFO = YES;
				ONLY_ACTIVE_ARCH = YES;
				SDKROOT = iphoneos;
				SWIFT_OPTIMIZATION_LEVEL = "-Onone";
				TARGETED_DEVICE_FAMILY = "1,2";
			};
			name = Debug;
		};
		8F9D6B4D1C7463F70024E75F /* Release */ = {
			isa = XCBuildConfiguration;
			buildSettings = {
				ALWAYS_SEARCH_USER_PATHS = NO;
				CLANG_CXX_LANGUAGE_STANDARD = "gnu++0x";
				CLANG_CXX_LIBRARY = "libc++";
				CLANG_ENABLE_MODULES = YES;
				CLANG_ENABLE_OBJC_ARC = YES;
				CLANG_WARN_BOOL_CONVERSION = YES;
				CLANG_WARN_CONSTANT_CONVERSION = YES;
				CLANG_WARN_DIRECT_OBJC_ISA_USAGE = YES_ERROR;
				CLANG_WARN_EMPTY_BODY = YES;
				CLANG_WARN_ENUM_CONVERSION = YES;
				CLANG_WARN_INT_CONVERSION = YES;
				CLANG_WARN_OBJC_ROOT_CLASS = YES_ERROR;
				CLANG_WARN_UNREACHABLE_CODE = YES;
				CLANG_WARN__DUPLICATE_METHOD_MATCH = YES;
				"CODE_SIGN_IDENTITY[sdk=iphoneos*]" = "iPhone Developer";
				COPY_PHASE_STRIP = NO;
				DEBUG_INFORMATION_FORMAT = "dwarf-with-dsym";
				ENABLE_NS_ASSERTIONS = NO;
				ENABLE_STRICT_OBJC_MSGSEND = YES;
				GCC_C_LANGUAGE_STANDARD = gnu99;
				GCC_NO_COMMON_BLOCKS = YES;
				GCC_WARN_64_TO_32_BIT_CONVERSION = YES;
				GCC_WARN_ABOUT_RETURN_TYPE = YES_ERROR;
				GCC_WARN_UNDECLARED_SELECTOR = YES;
				GCC_WARN_UNINITIALIZED_AUTOS = YES_AGGRESSIVE;
				GCC_WARN_UNUSED_FUNCTION = YES;
				GCC_WARN_UNUSED_VARIABLE = YES;
				IPHONEOS_DEPLOYMENT_TARGET = 9.2;
				MTL_ENABLE_DEBUG_INFO = NO;
				SDKROOT = iphoneos;
				TARGETED_DEVICE_FAMILY = "1,2";
				VALIDATE_PRODUCT = YES;
			};
			name = Release;
		};
		8F9D6B4F1C7463F70024E75F /* Debug */ = {
			isa = XCBuildConfiguration;
			buildSettings = {
				ASSETCATALOG_COMPILER_APPICON_NAME = AppIcon;
				CLANG_ENABLE_MODULES = YES;
				INFOPLIST_FILE = "Centralize iOS/Info.plist";
				LD_RUNPATH_SEARCH_PATHS = "$(inherited) @executable_path/Frameworks";
				PRODUCT_BUNDLE_IDENTIFIER = "net.develfactory.Centralize-iOS";
				PRODUCT_NAME = "$(TARGET_NAME)";
				SWIFT_OBJC_BRIDGING_HEADER = "Centralize iOS/Centralize iOS-Bridging-Header.h";
				SWIFT_OPTIMIZATION_LEVEL = "-Onone";
				SWIFT_VERSION = 2.3;
			};
			name = Debug;
		};
		8F9D6B501C7463F70024E75F /* Release */ = {
			isa = XCBuildConfiguration;
			buildSettings = {
				ASSETCATALOG_COMPILER_APPICON_NAME = AppIcon;
				CLANG_ENABLE_MODULES = YES;
				INFOPLIST_FILE = "Centralize iOS/Info.plist";
				LD_RUNPATH_SEARCH_PATHS = "$(inherited) @executable_path/Frameworks";
				PRODUCT_BUNDLE_IDENTIFIER = "net.develfactory.Centralize-iOS";
				PRODUCT_NAME = "$(TARGET_NAME)";
				SWIFT_OBJC_BRIDGING_HEADER = "Centralize iOS/Centralize iOS-Bridging-Header.h";
				SWIFT_VERSION = 2.3;
			};
			name = Release;
		};
		8F9D6B521C7463F70024E75F /* Debug */ = {
			isa = XCBuildConfiguration;
			buildSettings = {
				BUNDLE_LOADER = "$(TEST_HOST)";
				INFOPLIST_FILE = "Centralize iOSTests/Info.plist";
				LD_RUNPATH_SEARCH_PATHS = "$(inherited) @executable_path/Frameworks @loader_path/Frameworks";
				PRODUCT_BUNDLE_IDENTIFIER = "net.develfactory.Centralize-iOSTests";
				PRODUCT_NAME = "$(TARGET_NAME)";
				SWIFT_VERSION = 2.3;
				TEST_HOST = "$(BUILT_PRODUCTS_DIR)/Centralize iOS.app/Centralize iOS";
			};
			name = Debug;
		};
		8F9D6B531C7463F70024E75F /* Release */ = {
			isa = XCBuildConfiguration;
			buildSettings = {
				BUNDLE_LOADER = "$(TEST_HOST)";
				INFOPLIST_FILE = "Centralize iOSTests/Info.plist";
				LD_RUNPATH_SEARCH_PATHS = "$(inherited) @executable_path/Frameworks @loader_path/Frameworks";
				PRODUCT_BUNDLE_IDENTIFIER = "net.develfactory.Centralize-iOSTests";
				PRODUCT_NAME = "$(TARGET_NAME)";
				SWIFT_VERSION = 2.3;
				TEST_HOST = "$(BUILT_PRODUCTS_DIR)/Centralize iOS.app/Centralize iOS";
			};
			name = Release;
		};
		8F9D6B551C7463F70024E75F /* Debug */ = {
			isa = XCBuildConfiguration;
			buildSettings = {
				INFOPLIST_FILE = "Centralize iOSUITests/Info.plist";
				LD_RUNPATH_SEARCH_PATHS = "$(inherited) @executable_path/Frameworks @loader_path/Frameworks";
				PRODUCT_BUNDLE_IDENTIFIER = "net.develfactory.Centralize-iOSUITests";
				PRODUCT_NAME = "$(TARGET_NAME)";
				SWIFT_VERSION = 2.3;
				TEST_TARGET_NAME = "Centralize iOS";
				USES_XCTRUNNER = YES;
			};
			name = Debug;
		};
		8F9D6B561C7463F70024E75F /* Release */ = {
			isa = XCBuildConfiguration;
			buildSettings = {
				INFOPLIST_FILE = "Centralize iOSUITests/Info.plist";
				LD_RUNPATH_SEARCH_PATHS = "$(inherited) @executable_path/Frameworks @loader_path/Frameworks";
				PRODUCT_BUNDLE_IDENTIFIER = "net.develfactory.Centralize-iOSUITests";
				PRODUCT_NAME = "$(TARGET_NAME)";
				SWIFT_VERSION = 2.3;
				TEST_TARGET_NAME = "Centralize iOS";
				USES_XCTRUNNER = YES;
			};
			name = Release;
		};
/* End XCBuildConfiguration section */

/* Begin XCConfigurationList section */
		8F9D6B1E1C7463F70024E75F /* Build configuration list for PBXProject "Centralize iOS" */ = {
			isa = XCConfigurationList;
			buildConfigurations = (
				8F9D6B4C1C7463F70024E75F /* Debug */,
				8F9D6B4D1C7463F70024E75F /* Release */,
			);
			defaultConfigurationIsVisible = 0;
			defaultConfigurationName = Release;
		};
		8F9D6B4E1C7463F70024E75F /* Build configuration list for PBXNativeTarget "Centralize iOS" */ = {
			isa = XCConfigurationList;
			buildConfigurations = (
				8F9D6B4F1C7463F70024E75F /* Debug */,
				8F9D6B501C7463F70024E75F /* Release */,
			);
			defaultConfigurationIsVisible = 0;
			defaultConfigurationName = Release;
		};
		8F9D6B511C7463F70024E75F /* Build configuration list for PBXNativeTarget "Centralize iOSTests" */ = {
			isa = XCConfigurationList;
			buildConfigurations = (
				8F9D6B521C7463F70024E75F /* Debug */,
				8F9D6B531C7463F70024E75F /* Release */,
			);
			defaultConfigurationIsVisible = 0;
			defaultConfigurationName = Release;
		};
		8F9D6B541C7463F70024E75F /* Build configuration list for PBXNativeTarget "Centralize iOSUITests" */ = {
			isa = XCConfigurationList;
			buildConfigurations = (
				8F9D6B551C7463F70024E75F /* Debug */,
				8F9D6B561C7463F70024E75F /* Release */,
			);
			defaultConfigurationIsVisible = 0;
			defaultConfigurationName = Release;
		};
/* End XCConfigurationList section */

/* Begin XCVersionGroup section */
		8F9D6B2D1C7463F70024E75F /* Centralize_iOS.xcdatamodeld */ = {
			isa = XCVersionGroup;
			children = (
				8F9D6B2E1C7463F70024E75F /* Centralize_iOS.xcdatamodel */,
			);
			currentVersion = 8F9D6B2E1C7463F70024E75F /* Centralize_iOS.xcdatamodel */;
			path = Centralize_iOS.xcdatamodeld;
			sourceTree = "<group>";
			versionGroupType = wrapper.xcdatamodel;
		};
/* End XCVersionGroup section */
	};
	rootObject = 8F9D6B1B1C7463F70024E75F /* Project object */;
}
